
Microsoft Visual Studio Solution File, Format Version 12.00
Project("{FAE04EC0-301F-11D3-BF4B-00C04F79EFBC}") = "CodeWars", "CodeWars\CodeWars.csproj", "{B2BDC2A5-ED81-45A0-8BCF-AE2A47654C65}"
EndProject
Global
	GlobalSection(SolutionConfigurationPlatforms) = preSolution
		Debug|Any CPU = Debug|Any CPU
		Release|Any CPU = Release|Any CPU
	EndGlobalSection
	GlobalSection(ProjectConfigurationPlatforms) = postSolution
		{B2BDC2A5-ED81-45A0-8BCF-AE2A47654C65}.Debug|Any CPU.ActiveCfg = Debug|Any CPU
		{B2BDC2A5-ED81-45A0-8BCF-AE2A47654C65}.Debug|Any CPU.Build.0 = Debug|Any CPU
		{B2BDC2A5-ED81-45A0-8BCF-AE2A47654C65}.Release|Any CPU.ActiveCfg = Release|Any CPU
		{B2BDC2A5-ED81-45A0-8BCF-AE2A47654C65}.Release|Any CPU.Build.0 = Release|Any CPU
	EndGlobalSection
EndGlobal
